
Microsoft Visual Studio Solution File, Format Version 12.00
# Visual Studio Version 17
VisualStudioVersion = 17.1.32210.238
MinimumVisualStudioVersion = 10.0.40219.1
Project("{FAE04EC0-301F-11D3-BF4B-00C04F79EFBC}") = "Lab13", "Lab13.csproj", "{3A72437F-4FB6-4541-8BFF-9A8E8DE8C119}"
EndProject
Global
	GlobalSection(SolutionConfigurationPlatforms) = preSolution
		Debug|Any CPU = Debug|Any CPU
		Release|Any CPU = Release|Any CPU
	EndGlobalSection
	GlobalSection(ProjectConfigurationPlatforms) = postSolution
		{3A72437F-4FB6-4541-8BFF-9A8E8DE8C119}.Debug|Any CPU.ActiveCfg = Debug|Any CPU
		{3A72437F-4FB6-4541-8BFF-9A8E8DE8C119}.Debug|Any CPU.Build.0 = Debug|Any CPU
		{3A72437F-4FB6-4541-8BFF-9A8E8DE8C119}.Release|Any CPU.ActiveCfg = Release|Any CPU
		{3A72437F-4FB6-4541-8BFF-9A8E8DE8C119}.Release|Any CPU.Build.0 = Release|Any CPU
	EndGlobalSection
	GlobalSection(SolutionProperties) = preSolution
		HideSolutionNode = FALSE
	EndGlobalSection
	GlobalSection(ExtensibilityGlobals) = postSolution
		SolutionGuid = {7965800F-0271-415B-BBB9-FC400EC31FB3}
	EndGlobalSection
EndGlobal
